<Solution>
  <Folder Name="/src/">
    <Project Path="src/FikirPlatformu.Api/FikirPlatformu.Api.csproj" />
    <Project Path="src/FikirPlatformu.Application/FikirPlatformu.Application.csproj" />
    <Project Path="src/FikirPlatformu.Domain/FikirPlatformu.Domain.csproj" />
    <Project Path="src/FikirPlatformu.Infrastructure/FikirPlatformu.Infrastructure.csproj" />
  </Folder>
  <Folder Name="/tests/">
    <Project Path="tests/FikirPlatformu.Tests/FikirPlatformu.Tests.csproj" />
  </Folder>
</Solution>
